
Microsoft Visual Studio Solution File, Format Version 12.00
# Visual Studio Version 17
VisualStudioVersion = 17.5.2.0
MinimumVisualStudioVersion = 10.0.40219.1
Project("{FAE04EC0-301F-11D3-BF4B-00C04F79EFBC}") = "Http_Server", "Http_Server\Http_Server.csproj", "{60F05404-1DC8-038E-8541-26845E0626EC}"
EndProject
Project("{FAE04EC0-301F-11D3-BF4B-00C04F79EFBC}") = "Http_Client", "Http_Client\Http_Client.csproj", "{FBA9FA5B-D3F8-4FE4-A6E4-4D891E6A0F0B}"
EndProject
Global
	GlobalSection(SolutionConfigurationPlatforms) = preSolution
		Debug|Any CPU = Debug|Any CPU
		Debug|x64 = Debug|x64
		Debug|x86 = Debug|x86
		Release|Any CPU = Release|Any CPU
		Release|x64 = Release|x64
		Release|x86 = Release|x86
	EndGlobalSection
	GlobalSection(ProjectConfigurationPlatforms) = postSolution
		{60F05404-1DC8-038E-8541-26845E0626EC}.Debug|Any CPU.ActiveCfg = Debug|Any CPU
		{60F05404-1DC8-038E-8541-26845E0626EC}.Debug|Any CPU.Build.0 = Debug|Any CPU
		{60F05404-1DC8-038E-8541-26845E0626EC}.Debug|x64.ActiveCfg = Debug|Any CPU
		{60F05404-1DC8-038E-8541-26845E0626EC}.Debug|x64.Build.0 = Debug|Any CPU
		{60F05404-1DC8-038E-8541-26845E0626EC}.Debug|x86.ActiveCfg = Debug|Any CPU
		{60F05404-1DC8-038E-8541-26845E0626EC}.Debug|x86.Build.0 = Debug|Any CPU
		{60F05404-1DC8-038E-8541-26845E0626EC}.Release|Any CPU.ActiveCfg = Release|Any CPU
		{60F05404-1DC8-038E-8541-26845E0626EC}.Release|Any CPU.Build.0 = Release|Any CPU
		{60F05404-1DC8-038E-8541-26845E0626EC}.Release|x64.ActiveCfg = Release|Any CPU
		{60F05404-1DC8-038E-8541-26845E0626EC}.Release|x64.Build.0 = Release|Any CPU
		{60F05404-1DC8-038E-8541-26845E0626EC}.Release|x86.ActiveCfg = Release|Any CPU
		{60F05404-1DC8-038E-8541-26845E0626EC}.Release|x86.Build.0 = Release|Any CPU
		{FBA9FA5B-D3F8-4FE4-A6E4-4D891E6A0F0B}.Debug|Any CPU.ActiveCfg = Debug|Any CPU
		{FBA9FA5B-D3F8-4FE4-A6E4-4D891E6A0F0B}.Debug|Any CPU.Build.0 = Debug|Any CPU
		{FBA9FA5B-D3F8-4FE4-A6E4-4D891E6A0F0B}.Debug|x64.ActiveCfg = Debug|Any CPU
		{FBA9FA5B-D3F8-4FE4-A6E4-4D891E6A0F0B}.Debug|x64.Build.0 = Debug|Any CPU
		{FBA9FA5B-D3F8-4FE4-A6E4-4D891E6A0F0B}.Debug|x86.ActiveCfg = Debug|Any CPU
		{FBA9FA5B-D3F8-4FE4-A6E4-4D891E6A0F0B}.Debug|x86.Build.0 = Debug|Any CPU
		{FBA9FA5B-D3F8-4FE4-A6E4-4D891E6A0F0B}.Release|Any CPU.ActiveCfg = Release|Any CPU
		{FBA9FA5B-D3F8-4FE4-A6E4-4D891E6A0F0B}.Release|Any CPU.Build.0 = Release|Any CPU
		{FBA9FA5B-D3F8-4FE4-A6E4-4D891E6A0F0B}.Release|x64.ActiveCfg = Release|Any CPU
		{FBA9FA5B-D3F8-4FE4-A6E4-4D891E6A0F0B}.Release|x64.Build.0 = Release|Any CPU
		{FBA9FA5B-D3F8-4FE4-A6E4-4D891E6A0F0B}.Release|x86.ActiveCfg = Release|Any CPU
		{FBA9FA5B-D3F8-4FE4-A6E4-4D891E6A0F0B}.Release|x86.Build.0 = Release|Any CPU
	EndGlobalSection
	GlobalSection(SolutionProperties) = preSolution
		HideSolutionNode = FALSE
	EndGlobalSection
	GlobalSection(ExtensibilityGlobals) = postSolution
		SolutionGuid = {2C20DF64-0FF2-4080-AE31-7479176C229A}
	EndGlobalSection
EndGlobal
